// !$*UTF8*$!
{
	archiveVersion = 1;
	classes = {
	};
	objectVersion = 51;
	objects = {

/* Begin PBXBuildFile section */
		5E007F7F2389C13300B0D5A1 /* DataControllerDelegate.swift in Sources */ = {isa = PBXBuildFile; fileRef = 5E007F7E2389C13300B0D5A1 /* DataControllerDelegate.swift */; };
		5E007F832389C47600B0D5A1 /* ToDoTask.swift in Sources */ = {isa = PBXBuildFile; fileRef = 5E007F822389C47600B0D5A1 /* ToDoTask.swift */; };
		5E007F852389C53D00B0D5A1 /* ArchiverDataController.swift in Sources */ = {isa = PBXBuildFile; fileRef = 5E007F842389C53D00B0D5A1 /* ArchiverDataController.swift */; };
		5EB6BDA62388B9F40088A54F /* AppDelegate.swift in Sources */ = {isa = PBXBuildFile; fileRef = 5EB6BDA52388B9F40088A54F /* AppDelegate.swift */; };
		5EB6BDA82388B9F40088A54F /* SceneDelegate.swift in Sources */ = {isa = PBXBuildFile; fileRef = 5EB6BDA72388B9F40088A54F /* SceneDelegate.swift */; };
		5EB6BDAA2388B9F40088A54F /* PendingTasksViewController.swift in Sources */ = {isa = PBXBuildFile; fileRef = 5EB6BDA92388B9F40088A54F /* PendingTasksViewController.swift */; };
		5EB6BDAD2388B9F40088A54F /* Main.storyboard in Resources */ = {isa = PBXBuildFile; fileRef = 5EB6BDAB2388B9F40088A54F /* Main.storyboard */; };
		5EB6BDB02388B9F40088A54F /* ToDoList.xcdatamodeld in Sources */ = {isa = PBXBuildFile; fileRef = 5EB6BDAE2388B9F40088A54F /* ToDoList.xcdatamodeld */; };
		5EB6BDB22388B9F50088A54F /* Assets.xcassets in Resources */ = {isa = PBXBuildFile; fileRef = 5EB6BDB12388B9F50088A54F /* Assets.xcassets */; };
		5EB6BDB52388B9F50088A54F /* LaunchScreen.storyboard in Resources */ = {isa = PBXBuildFile; fileRef = 5EB6BDB32388B9F50088A54F /* LaunchScreen.storyboard */; };
		5EB6BDC02388B9F50088A54F /* ToDoListTests.swift in Sources */ = {isa = PBXBuildFile; fileRef = 5EB6BDBF2388B9F50088A54F /* ToDoListTests.swift */; };
		5EB6BDCB2388B9F50088A54F /* ToDoListUITests.swift in Sources */ = {isa = PBXBuildFile; fileRef = 5EB6BDCA2388B9F50088A54F /* ToDoListUITests.swift */; };
		5EB6BDD9238903A70088A54F /* CompletedTasksViewController.swift in Sources */ = {isa = PBXBuildFile; fileRef = 5EB6BDD8238903A70088A54F /* CompletedTasksViewController.swift */; };
		5EB6BDDB238903BB0088A54F /* AddTaskViewController.swift in Sources */ = {isa = PBXBuildFile; fileRef = 5EB6BDDA238903BB0088A54F /* AddTaskViewController.swift */; };
		5EFB71E823890662000A9598 /* PendingTaskCell.swift in Sources */ = {isa = PBXBuildFile; fileRef = 5EFB71E723890662000A9598 /* PendingTaskCell.swift */; };
		5EFB71EA23890D93000A9598 /* CompletedTaskCell.swift in Sources */ = {isa = PBXBuildFile; fileRef = 5EFB71E923890D93000A9598 /* CompletedTaskCell.swift */; };
		5EFB71EC2389A3A4000A9598 /* Date_Extension.swift in Sources */ = {isa = PBXBuildFile; fileRef = 5EFB71EB2389A3A4000A9598 /* Date_Extension.swift */; };
		75DA6EC6376B6F4EE288A49C /* Pods_ToDoListTests.framework in Frameworks */ = {isa = PBXBuildFile; fileRef = 23B88E9395F7925FFC733798 /* Pods_ToDoListTests.framework */; };
		7B9C0F3034F198B74980F20B /* Pods_ToDoList.framework in Frameworks */ = {isa = PBXBuildFile; fileRef = 9654A059A51A00C5A7C508F2 /* Pods_ToDoList.framework */; };
		DD3BC1DC2B1D1D5FAA155CC9 /* Pods_ToDoList_ToDoListUITests.framework in Frameworks */ = {isa = PBXBuildFile; fileRef = F35FCE2C26B31DF40507C56E /* Pods_ToDoList_ToDoListUITests.framework */; };
/* End PBXBuildFile section */

/* Begin PBXContainerItemProxy section */
		5EB6BDBC2388B9F50088A54F /* PBXContainerItemProxy */ = {
			isa = PBXContainerItemProxy;
			containerPortal = 5EB6BD9A2388B9F30088A54F /* Project object */;
			proxyType = 1;
			remoteGlobalIDString = 5EB6BDA12388B9F30088A54F;
			remoteInfo = ToDoList;
		};
		5EB6BDC72388B9F50088A54F /* PBXContainerItemProxy */ = {
			isa = PBXContainerItemProxy;
			containerPortal = 5EB6BD9A2388B9F30088A54F /* Project object */;
			proxyType = 1;
			remoteGlobalIDString = 5EB6BDA12388B9F30088A54F;
			remoteInfo = ToDoList;
		};
/* End PBXContainerItemProxy section */

/* Begin PBXFileReference section */
		10839A6DCA72FE2AA89DE45E /* Pods-ToDoListTests.debug.xcconfig */ = {isa = PBXFileReference; includeInIndex = 1; lastKnownFileType = text.xcconfig; name = "Pods-ToDoListTests.debug.xcconfig"; path = "Target Support Files/Pods-ToDoListTests/Pods-ToDoListTests.debug.xcconfig"; sourceTree = "<group>"; };
		23B88E9395F7925FFC733798 /* Pods_ToDoListTests.framework */ = {isa = PBXFileReference; explicitFileType = wrapper.framework; includeInIndex = 0; path = Pods_ToDoListTests.framework; sourceTree = BUILT_PRODUCTS_DIR; };
		23DFA13303BDACB4F633B58D /* Pods-ToDoList.debug.xcconfig */ = {isa = PBXFileReference; includeInIndex = 1; lastKnownFileType = text.xcconfig; name = "Pods-ToDoList.debug.xcconfig"; path = "Target Support Files/Pods-ToDoList/Pods-ToDoList.debug.xcconfig"; sourceTree = "<group>"; };
		27C9B0E2ACCAB9A9D3385385 /* Pods-ToDoListTests.release.xcconfig */ = {isa = PBXFileReference; includeInIndex = 1; lastKnownFileType = text.xcconfig; name = "Pods-ToDoListTests.release.xcconfig"; path = "Target Support Files/Pods-ToDoListTests/Pods-ToDoListTests.release.xcconfig"; sourceTree = "<group>"; };
		2E486E4816C72078A34A76B1 /* Pods-ToDoList-ToDoListUITests.release.xcconfig */ = {isa = PBXFileReference; includeInIndex = 1; lastKnownFileType = text.xcconfig; name = "Pods-ToDoList-ToDoListUITests.release.xcconfig"; path = "Target Support Files/Pods-ToDoList-ToDoListUITests/Pods-ToDoList-ToDoListUITests.release.xcconfig"; sourceTree = "<group>"; };
		5E007F7E2389C13300B0D5A1 /* DataControllerDelegate.swift */ = {isa = PBXFileReference; lastKnownFileType = sourcecode.swift; path = DataControllerDelegate.swift; sourceTree = "<group>"; };
		5E007F822389C47600B0D5A1 /* ToDoTask.swift */ = {isa = PBXFileReference; lastKnownFileType = sourcecode.swift; path = ToDoTask.swift; sourceTree = "<group>"; };
		5E007F842389C53D00B0D5A1 /* ArchiverDataController.swift */ = {isa = PBXFileReference; lastKnownFileType = sourcecode.swift; path = ArchiverDataController.swift; sourceTree = "<group>"; };
		5EB6BDA22388B9F40088A54F /* ToDoList.app */ = {isa = PBXFileReference; explicitFileType = wrapper.application; includeInIndex = 0; path = ToDoList.app; sourceTree = BUILT_PRODUCTS_DIR; };
		5EB6BDA52388B9F40088A54F /* AppDelegate.swift */ = {isa = PBXFileReference; lastKnownFileType = sourcecode.swift; path = AppDelegate.swift; sourceTree = "<group>"; };
		5EB6BDA72388B9F40088A54F /* SceneDelegate.swift */ = {isa = PBXFileReference; lastKnownFileType = sourcecode.swift; path = SceneDelegate.swift; sourceTree = "<group>"; };
		5EB6BDA92388B9F40088A54F /* PendingTasksViewController.swift */ = {isa = PBXFileReference; lastKnownFileType = sourcecode.swift; path = PendingTasksViewController.swift; sourceTree = "<group>"; };
		5EB6BDAC2388B9F40088A54F /* Base */ = {isa = PBXFileReference; lastKnownFileType = file.storyboard; name = Base; path = Base.lproj/Main.storyboard; sourceTree = "<group>"; };
		5EB6BDAF2388B9F40088A54F /* ToDoList.xcdatamodel */ = {isa = PBXFileReference; lastKnownFileType = wrapper.xcdatamodel; path = ToDoList.xcdatamodel; sourceTree = "<group>"; };
		5EB6BDB12388B9F50088A54F /* Assets.xcassets */ = {isa = PBXFileReference; lastKnownFileType = folder.assetcatalog; path = Assets.xcassets; sourceTree = "<group>"; };
		5EB6BDB42388B9F50088A54F /* Base */ = {isa = PBXFileReference; lastKnownFileType = file.storyboard; name = Base; path = Base.lproj/LaunchScreen.storyboard; sourceTree = "<group>"; };
		5EB6BDB62388B9F50088A54F /* Info.plist */ = {isa = PBXFileReference; lastKnownFileType = text.plist.xml; path = Info.plist; sourceTree = "<group>"; };
		5EB6BDBB2388B9F50088A54F /* ToDoListTests.xctest */ = {isa = PBXFileReference; explicitFileType = wrapper.cfbundle; includeInIndex = 0; path = ToDoListTests.xctest; sourceTree = BUILT_PRODUCTS_DIR; };
		5EB6BDBF2388B9F50088A54F /* ToDoListTests.swift */ = {isa = PBXFileReference; lastKnownFileType = sourcecode.swift; path = ToDoListTests.swift; sourceTree = "<group>"; };
		5EB6BDC12388B9F50088A54F /* Info.plist */ = {isa = PBXFileReference; lastKnownFileType = text.plist.xml; path = Info.plist; sourceTree = "<group>"; };
		5EB6BDC62388B9F50088A54F /* ToDoListUITests.xctest */ = {isa = PBXFileReference; explicitFileType = wrapper.cfbundle; includeInIndex = 0; path = ToDoListUITests.xctest; sourceTree = BUILT_PRODUCTS_DIR; };
		5EB6BDCA2388B9F50088A54F /* ToDoListUITests.swift */ = {isa = PBXFileReference; lastKnownFileType = sourcecode.swift; path = ToDoListUITests.swift; sourceTree = "<group>"; };
		5EB6BDCC2388B9F50088A54F /* Info.plist */ = {isa = PBXFileReference; lastKnownFileType = text.plist.xml; path = Info.plist; sourceTree = "<group>"; };
		5EB6BDD8238903A70088A54F /* CompletedTasksViewController.swift */ = {isa = PBXFileReference; lastKnownFileType = sourcecode.swift; path = CompletedTasksViewController.swift; sourceTree = "<group>"; };
		5EB6BDDA238903BB0088A54F /* AddTaskViewController.swift */ = {isa = PBXFileReference; lastKnownFileType = sourcecode.swift; path = AddTaskViewController.swift; sourceTree = "<group>"; };
		5EFB71E723890662000A9598 /* PendingTaskCell.swift */ = {isa = PBXFileReference; lastKnownFileType = sourcecode.swift; path = PendingTaskCell.swift; sourceTree = "<group>"; };
		5EFB71E923890D93000A9598 /* CompletedTaskCell.swift */ = {isa = PBXFileReference; lastKnownFileType = sourcecode.swift; path = CompletedTaskCell.swift; sourceTree = "<group>"; };
		5EFB71EB2389A3A4000A9598 /* Date_Extension.swift */ = {isa = PBXFileReference; lastKnownFileType = sourcecode.swift; path = Date_Extension.swift; sourceTree = "<group>"; };
		6AB7BE6053540FF4D45D76A6 /* Pods-ToDoList-ToDoListUITests.debug.xcconfig */ = {isa = PBXFileReference; includeInIndex = 1; lastKnownFileType = text.xcconfig; name = "Pods-ToDoList-ToDoListUITests.debug.xcconfig"; path = "Target Support Files/Pods-ToDoList-ToDoListUITests/Pods-ToDoList-ToDoListUITests.debug.xcconfig"; sourceTree = "<group>"; };
		9654A059A51A00C5A7C508F2 /* Pods_ToDoList.framework */ = {isa = PBXFileReference; explicitFileType = wrapper.framework; includeInIndex = 0; path = Pods_ToDoList.framework; sourceTree = BUILT_PRODUCTS_DIR; };
		AE861B800FB6DE75B730184A /* Pods-ToDoList.release.xcconfig */ = {isa = PBXFileReference; includeInIndex = 1; lastKnownFileType = text.xcconfig; name = "Pods-ToDoList.release.xcconfig"; path = "Target Support Files/Pods-ToDoList/Pods-ToDoList.release.xcconfig"; sourceTree = "<group>"; };
		F35FCE2C26B31DF40507C56E /* Pods_ToDoList_ToDoListUITests.framework */ = {isa = PBXFileReference; explicitFileType = wrapper.framework; includeInIndex = 0; path = Pods_ToDoList_ToDoListUITests.framework; sourceTree = BUILT_PRODUCTS_DIR; };
/* End PBXFileReference section */

/* Begin PBXFrameworksBuildPhase section */
		5EB6BD9F2388B9F30088A54F /* Frameworks */ = {
			isa = PBXFrameworksBuildPhase;
			buildActionMask = 2147483647;
			files = (
				7B9C0F3034F198B74980F20B /* Pods_ToDoList.framework in Frameworks */,
			);
			runOnlyForDeploymentPostprocessing = 0;
		};
		5EB6BDB82388B9F50088A54F /* Frameworks */ = {
			isa = PBXFrameworksBuildPhase;
			buildActionMask = 2147483647;
			files = (
				75DA6EC6376B6F4EE288A49C /* Pods_ToDoListTests.framework in Frameworks */,
			);
			runOnlyForDeploymentPostprocessing = 0;
		};
		5EB6BDC32388B9F50088A54F /* Frameworks */ = {
			isa = PBXFrameworksBuildPhase;
			buildActionMask = 2147483647;
			files = (
				DD3BC1DC2B1D1D5FAA155CC9 /* Pods_ToDoList_ToDoListUITests.framework in Frameworks */,
			);
			runOnlyForDeploymentPostprocessing = 0;
		};
/* End PBXFrameworksBuildPhase section */

/* Begin PBXGroup section */
		02061B015A4D1CE2F39896C4 /* Frameworks */ = {
			isa = PBXGroup;
			children = (
				9654A059A51A00C5A7C508F2 /* Pods_ToDoList.framework */,
				F35FCE2C26B31DF40507C56E /* Pods_ToDoList_ToDoListUITests.framework */,
				23B88E9395F7925FFC733798 /* Pods_ToDoListTests.framework */,
			);
			name = Frameworks;
			sourceTree = "<group>";
		};
		5EB6BD992388B9F30088A54F = {
			isa = PBXGroup;
			children = (
				5EB6BDA42388B9F40088A54F /* ToDoList */,
				5EB6BDBE2388B9F50088A54F /* ToDoListTests */,
				5EB6BDC92388B9F50088A54F /* ToDoListUITests */,
				5EB6BDA32388B9F40088A54F /* Products */,
				C19E4C94708252F1DFD5F763 /* Pods */,
				02061B015A4D1CE2F39896C4 /* Frameworks */,
			);
			sourceTree = "<group>";
		};
		5EB6BDA32388B9F40088A54F /* Products */ = {
			isa = PBXGroup;
			children = (
				5EB6BDA22388B9F40088A54F /* ToDoList.app */,
				5EB6BDBB2388B9F50088A54F /* ToDoListTests.xctest */,
				5EB6BDC62388B9F50088A54F /* ToDoListUITests.xctest */,
			);
			name = Products;
			sourceTree = "<group>";
		};
		5EB6BDA42388B9F40088A54F /* ToDoList */ = {
			isa = PBXGroup;
			children = (
				5EB6BDA52388B9F40088A54F /* AppDelegate.swift */,
				5EB6BDA72388B9F40088A54F /* SceneDelegate.swift */,
				5EB6BDA92388B9F40088A54F /* PendingTasksViewController.swift */,
				5EFB71E723890662000A9598 /* PendingTaskCell.swift */,
				5EB6BDD8238903A70088A54F /* CompletedTasksViewController.swift */,
				5EFB71E923890D93000A9598 /* CompletedTaskCell.swift */,
				5EB6BDDA238903BB0088A54F /* AddTaskViewController.swift */,
				5EB6BDB12388B9F50088A54F /* Assets.xcassets */,
				5EFB71EB2389A3A4000A9598 /* Date_Extension.swift */,
				5EB6BDB32388B9F50088A54F /* LaunchScreen.storyboard */,
				5EB6BDAB2388B9F40088A54F /* Main.storyboard */,
				5EB6BDB62388B9F50088A54F /* Info.plist */,
				5EB6BDAE2388B9F40088A54F /* ToDoList.xcdatamodeld */,
				5E007F7E2389C13300B0D5A1 /* DataControllerDelegate.swift */,
				5E007F842389C53D00B0D5A1 /* ArchiverDataController.swift */,
				5E007F822389C47600B0D5A1 /* ToDoTask.swift */,
			);
			path = ToDoList;
			sourceTree = "<group>";
		};
		5EB6BDBE2388B9F50088A54F /* ToDoListTests */ = {
			isa = PBXGroup;
			children = (
				5EB6BDBF2388B9F50088A54F /* ToDoListTests.swift */,
				5EB6BDC12388B9F50088A54F /* Info.plist */,
			);
			path = ToDoListTests;
			sourceTree = "<group>";
		};
		5EB6BDC92388B9F50088A54F /* ToDoListUITests */ = {
			isa = PBXGroup;
			children = (
				5EB6BDCA2388B9F50088A54F /* ToDoListUITests.swift */,
				5EB6BDCC2388B9F50088A54F /* Info.plist */,
			);
			path = ToDoListUITests;
			sourceTree = "<group>";
		};
		C19E4C94708252F1DFD5F763 /* Pods */ = {
			isa = PBXGroup;
			children = (
				23DFA13303BDACB4F633B58D /* Pods-ToDoList.debug.xcconfig */,
				AE861B800FB6DE75B730184A /* Pods-ToDoList.release.xcconfig */,
				6AB7BE6053540FF4D45D76A6 /* Pods-ToDoList-ToDoListUITests.debug.xcconfig */,
				2E486E4816C72078A34A76B1 /* Pods-ToDoList-ToDoListUITests.release.xcconfig */,
				10839A6DCA72FE2AA89DE45E /* Pods-ToDoListTests.debug.xcconfig */,
				27C9B0E2ACCAB9A9D3385385 /* Pods-ToDoListTests.release.xcconfig */,
			);
			path = Pods;
			sourceTree = "<group>";
		};
/* End PBXGroup section */

/* Begin PBXNativeTarget section */
		5EB6BDA12388B9F30088A54F /* ToDoList */ = {
			isa = PBXNativeTarget;
			buildConfigurationList = 5EB6BDCF2388B9F50088A54F /* Build configuration list for PBXNativeTarget "ToDoList" */;
			buildPhases = (
				49F4F88CBB1BDCEAA45272F1 /* [CP] Check Pods Manifest.lock */,
				5EB6BD9E2388B9F30088A54F /* Sources */,
				5EB6BD9F2388B9F30088A54F /* Frameworks */,
				5EB6BDA02388B9F30088A54F /* Resources */,
				224D381CB04C139316E748AF /* [CP] Embed Pods Frameworks */,
			);
			buildRules = (
			);
			dependencies = (
			);
			name = ToDoList;
			productName = ToDoList;
			productReference = 5EB6BDA22388B9F40088A54F /* ToDoList.app */;
			productType = "com.apple.product-type.application";
		};
		5EB6BDBA2388B9F50088A54F /* ToDoListTests */ = {
			isa = PBXNativeTarget;
			buildConfigurationList = 5EB6BDD22388B9F50088A54F /* Build configuration list for PBXNativeTarget "ToDoListTests" */;
			buildPhases = (
				373AF6B2A01DC2D5AAB4958B /* [CP] Check Pods Manifest.lock */,
				5EB6BDB72388B9F50088A54F /* Sources */,
				5EB6BDB82388B9F50088A54F /* Frameworks */,
				5EB6BDB92388B9F50088A54F /* Resources */,
			);
			buildRules = (
			);
			dependencies = (
				5EB6BDBD2388B9F50088A54F /* PBXTargetDependency */,
			);
			name = ToDoListTests;
			productName = ToDoListTests;
			productReference = 5EB6BDBB2388B9F50088A54F /* ToDoListTests.xctest */;
			productType = "com.apple.product-type.bundle.unit-test";
		};
		5EB6BDC52388B9F50088A54F /* ToDoListUITests */ = {
			isa = PBXNativeTarget;
			buildConfigurationList = 5EB6BDD52388B9F50088A54F /* Build configuration list for PBXNativeTarget "ToDoListUITests" */;
			buildPhases = (
				9AD4BAFB56099DE464EB06D2 /* [CP] Check Pods Manifest.lock */,
				5EB6BDC22388B9F50088A54F /* Sources */,
				5EB6BDC32388B9F50088A54F /* Frameworks */,
				5EB6BDC42388B9F50088A54F /* Resources */,
				EA1945C3C436161CA1805689 /* [CP] Embed Pods Frameworks */,
			);
			buildRules = (
			);
			dependencies = (
				5EB6BDC82388B9F50088A54F /* PBXTargetDependency */,
			);
			name = ToDoListUITests;
			productName = ToDoListUITests;
			productReference = 5EB6BDC62388B9F50088A54F /* ToDoListUITests.xctest */;
			productType = "com.apple.product-type.bundle.ui-testing";
		};
/* End PBXNativeTarget section */

/* Begin PBXProject section */
		5EB6BD9A2388B9F30088A54F /* Project object */ = {
			isa = PBXProject;
			attributes = {
				LastSwiftUpdateCheck = 1120;
				LastUpgradeCheck = 1120;
				ORGANIZATIONNAME = dirtbag;
				TargetAttributes = {
					5EB6BDA12388B9F30088A54F = {
						CreatedOnToolsVersion = 11.2.1;
					};
					5EB6BDBA2388B9F50088A54F = {
						CreatedOnToolsVersion = 11.2.1;
						TestTargetID = 5EB6BDA12388B9F30088A54F;
					};
					5EB6BDC52388B9F50088A54F = {
						CreatedOnToolsVersion = 11.2.1;
						TestTargetID = 5EB6BDA12388B9F30088A54F;
					};
				};
			};
			buildConfigurationList = 5EB6BD9D2388B9F30088A54F /* Build configuration list for PBXProject "ToDoList" */;
			compatibilityVersion = "Xcode 9.3";
			developmentRegion = en;
			hasScannedForEncodings = 0;
			knownRegions = (
				en,
				Base,
			);
			mainGroup = 5EB6BD992388B9F30088A54F;
			productRefGroup = 5EB6BDA32388B9F40088A54F /* Products */;
			projectDirPath = "";
			projectRoot = "";
			targets = (
				5EB6BDA12388B9F30088A54F /* ToDoList */,
				5EB6BDBA2388B9F50088A54F /* ToDoListTests */,
				5EB6BDC52388B9F50088A54F /* ToDoListUITests */,
			);
		};
/* End PBXProject section */

/* Begin PBXResourcesBuildPhase section */
		5EB6BDA02388B9F30088A54F /* Resources */ = {
			isa = PBXResourcesBuildPhase;
			buildActionMask = 2147483647;
			files = (
				5EB6BDB52388B9F50088A54F /* LaunchScreen.storyboard in Resources */,
				5EB6BDB22388B9F50088A54F /* Assets.xcassets in Resources */,
				5EB6BDAD2388B9F40088A54F /* Main.storyboard in Resources */,
			);
			runOnlyForDeploymentPostprocessing = 0;
		};
		5EB6BDB92388B9F50088A54F /* Resources */ = {
			isa = PBXResourcesBuildPhase;
			buildActionMask = 2147483647;
			files = (
			);
			runOnlyForDeploymentPostprocessing = 0;
		};
		5EB6BDC42388B9F50088A54F /* Resources */ = {
			isa = PBXResourcesBuildPhase;
			buildActionMask = 2147483647;
			files = (
			);
			runOnlyForDeploymentPostprocessing = 0;
		};
/* End PBXResourcesBuildPhase section */

/* Begin PBXShellScriptBuildPhase section */
		224D381CB04C139316E748AF /* [CP] Embed Pods Frameworks */ = {
			isa = PBXShellScriptBuildPhase;
			buildActionMask = 2147483647;
			files = (
			);
			inputFileListPaths = (
				"${PODS_ROOT}/Target Support Files/Pods-ToDoList/Pods-ToDoList-frameworks-${CONFIGURATION}-input-files.xcfilelist",
			);
			name = "[CP] Embed Pods Frameworks";
			outputFileListPaths = (
				"${PODS_ROOT}/Target Support Files/Pods-ToDoList/Pods-ToDoList-frameworks-${CONFIGURATION}-output-files.xcfilelist",
			);
			runOnlyForDeploymentPostprocessing = 0;
			shellPath = /bin/sh;
			shellScript = "\"${PODS_ROOT}/Target Support Files/Pods-ToDoList/Pods-ToDoList-frameworks.sh\"\n";
			showEnvVarsInLog = 0;
		};
		373AF6B2A01DC2D5AAB4958B /* [CP] Check Pods Manifest.lock */ = {
			isa = PBXShellScriptBuildPhase;
			buildActionMask = 2147483647;
			files = (
			);
			inputFileListPaths = (
			);
			inputPaths = (
				"${PODS_PODFILE_DIR_PATH}/Podfile.lock",
				"${PODS_ROOT}/Manifest.lock",
			);
			name = "[CP] Check Pods Manifest.lock";
			outputFileListPaths = (
			);
			outputPaths = (
				"$(DERIVED_FILE_DIR)/Pods-ToDoListTests-checkManifestLockResult.txt",
			);
			runOnlyForDeploymentPostprocessing = 0;
			shellPath = /bin/sh;
			shellScript = "diff \"${PODS_PODFILE_DIR_PATH}/Podfile.lock\" \"${PODS_ROOT}/Manifest.lock\" > /dev/null\nif [ $? != 0 ] ; then\n    # print error to STDERR\n    echo \"error: The sandbox is not in sync with the Podfile.lock. Run 'pod install' or update your CocoaPods installation.\" >&2\n    exit 1\nfi\n# This output is used by Xcode 'outputs' to avoid re-running this script phase.\necho \"SUCCESS\" > \"${SCRIPT_OUTPUT_FILE_0}\"\n";
			showEnvVarsInLog = 0;
		};
		49F4F88CBB1BDCEAA45272F1 /* [CP] Check Pods Manifest.lock */ = {
			isa = PBXShellScriptBuildPhase;
			buildActionMask = 2147483647;
			files = (
			);
			inputFileListPaths = (
			);
			inputPaths = (
				"${PODS_PODFILE_DIR_PATH}/Podfile.lock",
				"${PODS_ROOT}/Manifest.lock",
			);
			name = "[CP] Check Pods Manifest.lock";
			outputFileListPaths = (
			);
			outputPaths = (
				"$(DERIVED_FILE_DIR)/Pods-ToDoList-checkManifestLockResult.txt",
			);
			runOnlyForDeploymentPostprocessing = 0;
			shellPath = /bin/sh;
			shellScript = "diff \"${PODS_PODFILE_DIR_PATH}/Podfile.lock\" \"${PODS_ROOT}/Manifest.lock\" > /dev/null\nif [ $? != 0 ] ; then\n    # print error to STDERR\n    echo \"error: The sandbox is not in sync with the Podfile.lock. Run 'pod install' or update your CocoaPods installation.\" >&2\n    exit 1\nfi\n# This output is used by Xcode 'outputs' to avoid re-running this script phase.\necho \"SUCCESS\" > \"${SCRIPT_OUTPUT_FILE_0}\"\n";
			showEnvVarsInLog = 0;
		};
		9AD4BAFB56099DE464EB06D2 /* [CP] Check Pods Manifest.lock */ = {
			isa = PBXShellScriptBuildPhase;
			buildActionMask = 2147483647;
			files = (
			);
			inputFileListPaths = (
			);
			inputPaths = (
				"${PODS_PODFILE_DIR_PATH}/Podfile.lock",
				"${PODS_ROOT}/Manifest.lock",
			);
			name = "[CP] Check Pods Manifest.lock";
			outputFileListPaths = (
			);
			outputPaths = (
				"$(DERIVED_FILE_DIR)/Pods-ToDoList-ToDoListUITests-checkManifestLockResult.txt",
			);
			runOnlyForDeploymentPostprocessing = 0;
			shellPath = /bin/sh;
			shellScript = "diff \"${PODS_PODFILE_DIR_PATH}/Podfile.lock\" \"${PODS_ROOT}/Manifest.lock\" > /dev/null\nif [ $? != 0 ] ; then\n    # print error to STDERR\n    echo \"error: The sandbox is not in sync with the Podfile.lock. Run 'pod install' or update your CocoaPods installation.\" >&2\n    exit 1\nfi\n# This output is used by Xcode 'outputs' to avoid re-running this script phase.\necho \"SUCCESS\" > \"${SCRIPT_OUTPUT_FILE_0}\"\n";
			showEnvVarsInLog = 0;
		};
		EA1945C3C436161CA1805689 /* [CP] Embed Pods Frameworks */ = {
			isa = PBXShellScriptBuildPhase;
			buildActionMask = 2147483647;
			files = (
			);
			inputFileListPaths = (
				"${PODS_ROOT}/Target Support Files/Pods-ToDoList-ToDoListUITests/Pods-ToDoList-ToDoListUITests-frameworks-${CONFIGURATION}-input-files.xcfilelist",
			);
			name = "[CP] Embed Pods Frameworks";
			outputFileListPaths = (
				"${PODS_ROOT}/Target Support Files/Pods-ToDoList-ToDoListUITests/Pods-ToDoList-ToDoListUITests-frameworks-${CONFIGURATION}-output-files.xcfilelist",
			);
			runOnlyForDeploymentPostprocessing = 0;
			shellPath = /bin/sh;
			shellScript = "\"${PODS_ROOT}/Target Support Files/Pods-ToDoList-ToDoListUITests/Pods-ToDoList-ToDoListUITests-frameworks.sh\"\n";
			showEnvVarsInLog = 0;
		};
/* End PBXShellScriptBuildPhase section */

/* Begin PBXSourcesBuildPhase section */
		5EB6BD9E2388B9F30088A54F /* Sources */ = {
			isa = PBXSourcesBuildPhase;
			buildActionMask = 2147483647;
			files = (
				5EFB71EC2389A3A4000A9598 /* Date_Extension.swift in Sources */,
				5E007F832389C47600B0D5A1 /* ToDoTask.swift in Sources */,
				5EB6BDD9238903A70088A54F /* CompletedTasksViewController.swift in Sources */,
				5EB6BDDB238903BB0088A54F /* AddTaskViewController.swift in Sources */,
				5EFB71EA23890D93000A9598 /* CompletedTaskCell.swift in Sources */,
				5EB6BDAA2388B9F40088A54F /* PendingTasksViewController.swift in Sources */,
				5E007F7F2389C13300B0D5A1 /* DataControllerDelegate.swift in Sources */,
				5EFB71E823890662000A9598 /* PendingTaskCell.swift in Sources */,
				5EB6BDA62388B9F40088A54F /* AppDelegate.swift in Sources */,
				5E007F852389C53D00B0D5A1 /* ArchiverDataController.swift in Sources */,
				5EB6BDA82388B9F40088A54F /* SceneDelegate.swift in Sources */,
				5EB6BDB02388B9F40088A54F /* ToDoList.xcdatamodeld in Sources */,
			);
			runOnlyForDeploymentPostprocessing = 0;
		};
		5EB6BDB72388B9F50088A54F /* Sources */ = {
			isa = PBXSourcesBuildPhase;
			buildActionMask = 2147483647;
			files = (
				5EB6BDC02388B9F50088A54F /* ToDoListTests.swift in Sources */,
			);
			runOnlyForDeploymentPostprocessing = 0;
		};
		5EB6BDC22388B9F50088A54F /* Sources */ = {
			isa = PBXSourcesBuildPhase;
			buildActionMask = 2147483647;
			files = (
				5EB6BDCB2388B9F50088A54F /* ToDoListUITests.swift in Sources */,
			);
			runOnlyForDeploymentPostprocessing = 0;
		};
/* End PBXSourcesBuildPhase section */

/* Begin PBXTargetDependency section */
		5EB6BDBD2388B9F50088A54F /* PBXTargetDependency */ = {
			isa = PBXTargetDependency;
			target = 5EB6BDA12388B9F30088A54F /* ToDoList */;
			targetProxy = 5EB6BDBC2388B9F50088A54F /* PBXContainerItemProxy */;
		};
		5EB6BDC82388B9F50088A54F /* PBXTargetDependency */ = {
			isa = PBXTargetDependency;
			target = 5EB6BDA12388B9F30088A54F /* ToDoList */;
			targetProxy = 5EB6BDC72388B9F50088A54F /* PBXContainerItemProxy */;
		};
/* End PBXTargetDependency section */

/* Begin PBXVariantGroup section */
		5EB6BDAB2388B9F40088A54F /* Main.storyboard */ = {
			isa = PBXVariantGroup;
			children = (
				5EB6BDAC2388B9F40088A54F /* Base */,
			);
			name = Main.storyboard;
			sourceTree = "<group>";
		};
		5EB6BDB32388B9F50088A54F /* LaunchScreen.storyboard */ = {
			isa = PBXVariantGroup;
			children = (
				5EB6BDB42388B9F50088A54F /* Base */,
			);
			name = LaunchScreen.storyboard;
			sourceTree = "<group>";
		};
/* End PBXVariantGroup section */

/* Begin XCBuildConfiguration section */
		5EB6BDCD2388B9F50088A54F /* Debug */ = {
			isa = XCBuildConfiguration;
			buildSettings = {
				ALWAYS_SEARCH_USER_PATHS = NO;
				CLANG_ANALYZER_NONNULL = YES;
				CLANG_ANALYZER_NUMBER_OBJECT_CONVERSION = YES_AGGRESSIVE;
				CLANG_CXX_LANGUAGE_STANDARD = "gnu++14";
				CLANG_CXX_LIBRARY = "libc++";
				CLANG_ENABLE_MODULES = YES;
				CLANG_ENABLE_OBJC_ARC = YES;
				CLANG_ENABLE_OBJC_WEAK = YES;
				CLANG_WARN_BLOCK_CAPTURE_AUTORELEASING = YES;
				CLANG_WARN_BOOL_CONVERSION = YES;
				CLANG_WARN_COMMA = YES;
				CLANG_WARN_CONSTANT_CONVERSION = YES;
				CLANG_WARN_DEPRECATED_OBJC_IMPLEMENTATIONS = YES;
				CLANG_WARN_DIRECT_OBJC_ISA_USAGE = YES_ERROR;
				CLANG_WARN_DOCUMENTATION_COMMENTS = YES;
				CLANG_WARN_EMPTY_BODY = YES;
				CLANG_WARN_ENUM_CONVERSION = YES;
				CLANG_WARN_INFINITE_RECURSION = YES;
				CLANG_WARN_INT_CONVERSION = YES;
				CLANG_WARN_NON_LITERAL_NULL_CONVERSION = YES;
				CLANG_WARN_OBJC_IMPLICIT_RETAIN_SELF = YES;
				CLANG_WARN_OBJC_LITERAL_CONVERSION = YES;
				CLANG_WARN_OBJC_ROOT_CLASS = YES_ERROR;
				CLANG_WARN_RANGE_LOOP_ANALYSIS = YES;
				CLANG_WARN_STRICT_PROTOTYPES = YES;
				CLANG_WARN_SUSPICIOUS_MOVE = YES;
				CLANG_WARN_UNGUARDED_AVAILABILITY = YES_AGGRESSIVE;
				CLANG_WARN_UNREACHABLE_CODE = YES;
				CLANG_WARN__DUPLICATE_METHOD_MATCH = YES;
				COPY_PHASE_STRIP = NO;
				DEBUG_INFORMATION_FORMAT = dwarf;
				ENABLE_STRICT_OBJC_MSGSEND = YES;
				ENABLE_TESTABILITY = YES;
				GCC_C_LANGUAGE_STANDARD = gnu11;
				GCC_DYNAMIC_NO_PIC = NO;
				GCC_NO_COMMON_BLOCKS = YES;
				GCC_OPTIMIZATION_LEVEL = 0;
				GCC_PREPROCESSOR_DEFINITIONS = (
					"DEBUG=1",
					"$(inherited)",
				);
				GCC_WARN_64_TO_32_BIT_CONVERSION = YES;
				GCC_WARN_ABOUT_RETURN_TYPE = YES_ERROR;
				GCC_WARN_UNDECLARED_SELECTOR = YES;
				GCC_WARN_UNINITIALIZED_AUTOS = YES_AGGRESSIVE;
				GCC_WARN_UNUSED_FUNCTION = YES;
				GCC_WARN_UNUSED_VARIABLE = YES;
				IPHONEOS_DEPLOYMENT_TARGET = 13.2;
				MTL_ENABLE_DEBUG_INFO = INCLUDE_SOURCE;
				MTL_FAST_MATH = YES;
				ONLY_ACTIVE_ARCH = YES;
				SDKROOT = iphoneos;
				SWIFT_ACTIVE_COMPILATION_CONDITIONS = DEBUG;
				SWIFT_OPTIMIZATION_LEVEL = "-Onone";
			};
			name = Debug;
		};
		5EB6BDCE2388B9F50088A54F /* Release */ = {
			isa = XCBuildConfiguration;
			buildSettings = {
				ALWAYS_SEARCH_USER_PATHS = NO;
				CLANG_ANALYZER_NONNULL = YES;
				CLANG_ANALYZER_NUMBER_OBJECT_CONVERSION = YES_AGGRESSIVE;
				CLANG_CXX_LANGUAGE_STANDARD = "gnu++14";
				CLANG_CXX_LIBRARY = "libc++";
				CLANG_ENABLE_MODULES = YES;
				CLANG_ENABLE_OBJC_ARC = YES;
				CLANG_ENABLE_OBJC_WEAK = YES;
				CLANG_WARN_BLOCK_CAPTURE_AUTORELEASING = YES;
				CLANG_WARN_BOOL_CONVERSION = YES;
				CLANG_WARN_COMMA = YES;
				CLANG_WARN_CONSTANT_CONVERSION = YES;
				CLANG_WARN_DEPRECATED_OBJC_IMPLEMENTATIONS = YES;
				CLANG_WARN_DIRECT_OBJC_ISA_USAGE = YES_ERROR;
				CLANG_WARN_DOCUMENTATION_COMMENTS = YES;
				CLANG_WARN_EMPTY_BODY = YES;
				CLANG_WARN_ENUM_CONVERSION = YES;
				CLANG_WARN_INFINITE_RECURSION = YES;
				CLANG_WARN_INT_CONVERSION = YES;
				CLANG_WARN_NON_LITERAL_NULL_CONVERSION = YES;
				CLANG_WARN_OBJC_IMPLICIT_RETAIN_SELF = YES;
				CLANG_WARN_OBJC_LITERAL_CONVERSION = YES;
				CLANG_WARN_OBJC_ROOT_CLASS = YES_ERROR;
				CLANG_WARN_RANGE_LOOP_ANALYSIS = YES;
				CLANG_WARN_STRICT_PROTOTYPES = YES;
				CLANG_WARN_SUSPICIOUS_MOVE = YES;
				CLANG_WARN_UNGUARDED_AVAILABILITY = YES_AGGRESSIVE;
				CLANG_WARN_UNREACHABLE_CODE = YES;
				CLANG_WARN__DUPLICATE_METHOD_MATCH = YES;
				COPY_PHASE_STRIP = NO;
				DEBUG_INFORMATION_FORMAT = "dwarf-with-dsym";
				ENABLE_NS_ASSERTIONS = NO;
				ENABLE_STRICT_OBJC_MSGSEND = YES;
				GCC_C_LANGUAGE_STANDARD = gnu11;
				GCC_NO_COMMON_BLOCKS = YES;
				GCC_WARN_64_TO_32_BIT_CONVERSION = YES;
				GCC_WARN_ABOUT_RETURN_TYPE = YES_ERROR;
				GCC_WARN_UNDECLARED_SELECTOR = YES;
				GCC_WARN_UNINITIALIZED_AUTOS = YES_AGGRESSIVE;
				GCC_WARN_UNUSED_FUNCTION = YES;
				GCC_WARN_UNUSED_VARIABLE = YES;
				IPHONEOS_DEPLOYMENT_TARGET = 13.2;
				MTL_ENABLE_DEBUG_INFO = NO;
				MTL_FAST_MATH = YES;
				SDKROOT = iphoneos;
				SWIFT_COMPILATION_MODE = wholemodule;
				SWIFT_OPTIMIZATION_LEVEL = "-O";
				VALIDATE_PRODUCT = YES;
			};
			name = Release;
		};
		5EB6BDD02388B9F50088A54F /* Debug */ = {
			isa = XCBuildConfiguration;
			baseConfigurationReference = 23DFA13303BDACB4F633B58D /* Pods-ToDoList.debug.xcconfig */;
			buildSettings = {
				ASSETCATALOG_COMPILER_APPICON_NAME = AppIcon;
				CODE_SIGN_STYLE = Automatic;
				INFOPLIST_FILE = ToDoList/Info.plist;
				LD_RUNPATH_SEARCH_PATHS = (
					"$(inherited)",
					"@executable_path/Frameworks",
				);
				PRODUCT_BUNDLE_IDENTIFIER = com.mcgoldricksolutions.ToDoList;
				PRODUCT_NAME = "$(TARGET_NAME)";
				SWIFT_VERSION = 5.0;
				TARGETED_DEVICE_FAMILY = "1,2";
			};
			name = Debug;
		};
		5EB6BDD12388B9F50088A54F /* Release */ = {
			isa = XCBuildConfiguration;
			baseConfigurationReference = AE861B800FB6DE75B730184A /* Pods-ToDoList.release.xcconfig */;
			buildSettings = {
				ASSETCATALOG_COMPILER_APPICON_NAME = AppIcon;
				CODE_SIGN_STYLE = Automatic;
				INFOPLIST_FILE = ToDoList/Info.plist;
				LD_RUNPATH_SEARCH_PATHS = (
					"$(inherited)",
					"@executable_path/Frameworks",
				);
				PRODUCT_BUNDLE_IDENTIFIER = com.mcgoldricksolutions.ToDoList;
				PRODUCT_NAME = "$(TARGET_NAME)";
				SWIFT_VERSION = 5.0;
				TARGETED_DEVICE_FAMILY = "1,2";
			};
			name = Release;
		};
		5EB6BDD32388B9F50088A54F /* Debug */ = {
			isa = XCBuildConfiguration;
			baseConfigurationReference = 10839A6DCA72FE2AA89DE45E /* Pods-ToDoListTests.debug.xcconfig */;
			buildSettings = {
				ALWAYS_EMBED_SWIFT_STANDARD_LIBRARIES = YES;
				BUNDLE_LOADER = "$(TEST_HOST)";
				CODE_SIGN_STYLE = Automatic;
				INFOPLIST_FILE = ToDoListTests/Info.plist;
				IPHONEOS_DEPLOYMENT_TARGET = 13.2;
				LD_RUNPATH_SEARCH_PATHS = (
					"$(inherited)",
					"@executable_path/Frameworks",
					"@loader_path/Frameworks",
				);
				PRODUCT_BUNDLE_IDENTIFIER = com.mcgoldricksolutions.ToDoListTests;
				PRODUCT_NAME = "$(TARGET_NAME)";
				SWIFT_VERSION = 5.0;
				TARGETED_DEVICE_FAMILY = "1,2";
				TEST_HOST = "$(BUILT_PRODUCTS_DIR)/ToDoList.app/ToDoList";
			};
			name = Debug;
		};
		5EB6BDD42388B9F50088A54F /* Release */ = {
			isa = XCBuildConfiguration;
			baseConfigurationReference = 27C9B0E2ACCAB9A9D3385385 /* Pods-ToDoListTests.release.xcconfig */;
			buildSettings = {
				ALWAYS_EMBED_SWIFT_STANDARD_LIBRARIES = YES;
				BUNDLE_LOADER = "$(TEST_HOST)";
				CODE_SIGN_STYLE = Automatic;
				INFOPLIST_FILE = ToDoListTests/Info.plist;
				IPHONEOS_DEPLOYMENT_TARGET = 13.2;
				LD_RUNPATH_SEARCH_PATHS = (
					"$(inherited)",
					"@executable_path/Frameworks",
					"@loader_path/Frameworks",
				);
				PRODUCT_BUNDLE_IDENTIFIER = com.mcgoldricksolutions.ToDoListTests;
				PRODUCT_NAME = "$(TARGET_NAME)";
				SWIFT_VERSION = 5.0;
				TARGETED_DEVICE_FAMILY = "1,2";
				TEST_HOST = "$(BUILT_PRODUCTS_DIR)/ToDoList.app/ToDoList";
			};
			name = Release;
		};
		5EB6BDD62388B9F50088A54F /* Debug */ = {
			isa = XCBuildConfiguration;
			baseConfigurationReference = 6AB7BE6053540FF4D45D76A6 /* Pods-ToDoList-ToDoListUITests.debug.xcconfig */;
			buildSettings = {
				ALWAYS_EMBED_SWIFT_STANDARD_LIBRARIES = YES;
				CODE_SIGN_STYLE = Automatic;
				INFOPLIST_FILE = ToDoListUITests/Info.plist;
				LD_RUNPATH_SEARCH_PATHS = (
					"$(inherited)",
					"@executable_path/Frameworks",
					"@loader_path/Frameworks",
				);
				PRODUCT_BUNDLE_IDENTIFIER = com.mcgoldricksolutions.ToDoListUITests;
				PRODUCT_NAME = "$(TARGET_NAME)";
				SWIFT_VERSION = 5.0;
				TARGETED_DEVICE_FAMILY = "1,2";
				TEST_TARGET_NAME = ToDoList;
			};
			name = Debug;
		};
		5EB6BDD72388B9F50088A54F /* Release */ = {
			isa = XCBuildConfiguration;
			baseConfigurationReference = 2E486E4816C72078A34A76B1 /* Pods-ToDoList-ToDoListUITests.release.xcconfig */;
			buildSettings = {
				ALWAYS_EMBED_SWIFT_STANDARD_LIBRARIES = YES;
				CODE_SIGN_STYLE = Automatic;
				INFOPLIST_FILE = ToDoListUITests/Info.plist;
				LD_RUNPATH_SEARCH_PATHS = (
					"$(inherited)",
					"@executable_path/Frameworks",
					"@loader_path/Frameworks",
				);
				PRODUCT_BUNDLE_IDENTIFIER = com.mcgoldricksolutions.ToDoListUITests;
				PRODUCT_NAME = "$(TARGET_NAME)";
				SWIFT_VERSION = 5.0;
				TARGETED_DEVICE_FAMILY = "1,2";
				TEST_TARGET_NAME = ToDoList;
			};
			name = Release;
		};
/* End XCBuildConfiguration section */

/* Begin XCConfigurationList section */
		5EB6BD9D2388B9F30088A54F /* Build configuration list for PBXProject "ToDoList" */ = {
			isa = XCConfigurationList;
			buildConfigurations = (
				5EB6BDCD2388B9F50088A54F /* Debug */,
				5EB6BDCE2388B9F50088A54F /* Release */,
			);
			defaultConfigurationIsVisible = 0;
			defaultConfigurationName = Release;
		};
		5EB6BDCF2388B9F50088A54F /* Build configuration list for PBXNativeTarget "ToDoList" */ = {
			isa = XCConfigurationList;
			buildConfigurations = (
				5EB6BDD02388B9F50088A54F /* Debug */,
				5EB6BDD12388B9F50088A54F /* Release */,
			);
			defaultConfigurationIsVisible = 0;
			defaultConfigurationName = Release;
		};
		5EB6BDD22388B9F50088A54F /* Build configuration list for PBXNativeTarget "ToDoListTests" */ = {
			isa = XCConfigurationList;
			buildConfigurations = (
				5EB6BDD32388B9F50088A54F /* Debug */,
				5EB6BDD42388B9F50088A54F /* Release */,
			);
			defaultConfigurationIsVisible = 0;
			defaultConfigurationName = Release;
		};
		5EB6BDD52388B9F50088A54F /* Build configuration list for PBXNativeTarget "ToDoListUITests" */ = {
			isa = XCConfigurationList;
			buildConfigurations = (
				5EB6BDD62388B9F50088A54F /* Debug */,
				5EB6BDD72388B9F50088A54F /* Release */,
			);
			defaultConfigurationIsVisible = 0;
			defaultConfigurationName = Release;
		};
/* End XCConfigurationList section */

/* Begin XCVersionGroup section */
		5EB6BDAE2388B9F40088A54F /* ToDoList.xcdatamodeld */ = {
			isa = XCVersionGroup;
			children = (
				5EB6BDAF2388B9F40088A54F /* ToDoList.xcdatamodel */,
			);
			currentVersion = 5EB6BDAF2388B9F40088A54F /* ToDoList.xcdatamodel */;
			path = ToDoList.xcdatamodeld;
			sourceTree = "<group>";
			versionGroupType = wrapper.xcdatamodel;
		};
/* End XCVersionGroup section */
	};
	rootObject = 5EB6BD9A2388B9F30088A54F /* Project object */;
}
